
Microsoft Visual Studio Solution File, Format Version 12.00
# Visual Studio 15
VisualStudioVersion = 15.0.28307.572
MinimumVisualStudioVersion = 10.0.40219.1
Project("{FAE04EC0-301F-11D3-BF4B-00C04F79EFBC}") = "Course121", "Course121\Course121.csproj", "{D223F9B1-50FD-4116-9008-AA0487563584}"
EndProject
Global
	GlobalSection(SolutionConfigurationPlatforms) = preSolution
		Debug|Any CPU = Debug|Any CPU
		Release|Any CPU = Release|Any CPU
	EndGlobalSection
	GlobalSection(ProjectConfigurationPlatforms) = postSolution
		{D223F9B1-50FD-4116-9008-AA0487563584}.Debug|Any CPU.ActiveCfg = Debug|Any CPU
		{D223F9B1-50FD-4116-9008-AA0487563584}.Debug|Any CPU.Build.0 = Debug|Any CPU
		{D223F9B1-50FD-4116-9008-AA0487563584}.Release|Any CPU.ActiveCfg = Release|Any CPU
		{D223F9B1-50FD-4116-9008-AA0487563584}.Release|Any CPU.Build.0 = Release|Any CPU
	EndGlobalSection
	GlobalSection(SolutionProperties) = preSolution
		HideSolutionNode = FALSE
	EndGlobalSection
	GlobalSection(ExtensibilityGlobals) = postSolution
		SolutionGuid = {DE43091E-0EE9-464B-B91F-5ECBD1715E5F}
	EndGlobalSection
EndGlobal
